<Solution>
  <Folder Name="/UploaderService/">
    <Project Path="UploaderService/UploaderService.Application/UploaderService.Application.csproj" />
    <Project Path="UploaderService/UploaderService.Domain/UploaderService.Domain.csproj" />
    <Project Path="UploaderService/UploaderService.Infrastructure/UploaderService.Infrastructure.csproj" />
  </Folder>
</Solution>
